{
  "nodes": {
    "agenix": {
      "inputs": {
        "nixpkgs": [
          "nixpkgs"
        ]
      },
      "locked": {
        "lastModified": 1646845404,
        "narHash": "sha256-JENXFCI2HVqi0whBzt7MAW9PX3ziEaYqBhMux+4g+VM=",
        "owner": "ryantm",
        "repo": "agenix",
        "rev": "764c975e74bce2f89a5106b68ec48e2b586f893c",
        "type": "github"
      },
      "original": {
        "owner": "ryantm",
        "repo": "agenix",
        "type": "github"
      }
    },
    "nixpkgs": {
      "locked": {
        "lastModified": 1647122627,
        "narHash": "sha256-w4hGsXYyMgJAQRSBxh7O6AAsawJSbudCxfQXhDRhwPQ=",
        "owner": "NixOS",
        "repo": "nixpkgs",
        "rev": "0f85665118d850aae5164d385d24783d0b16cf1b",
        "type": "github"
      },
      "original": {
        "owner": "NixOS",
        "ref": "nixos-21.11",
        "repo": "nixpkgs",
        "type": "github"
      }
    },
    "nixpkgs-unstable": {
      "locked": {
        "lastModified": 1646939531,
        "narHash": "sha256-bxOjVqcsccCNm+jSmEh/bm0tqfE3SdjwS+p+FZja3ho=",
        "owner": "NixOS",
        "repo": "nixpkgs",
        "rev": "fcd48a5a0693f016a5c370460d0c2a8243b882dc",
        "type": "github"
      },
      "original": {
        "owner": "NixOS",
        "ref": "nixos-unstable",
        "repo": "nixpkgs",
        "type": "github"
      }
    },
    "root": {
      "inputs": {
        "agenix": "agenix",
        "nixpkgs": "nixpkgs",
        "nixpkgs-unstable": "nixpkgs-unstable"
      }
    }
  },
  "root": "root",
  "version": 7
}
