{
  "nodes": {
    "agenix": {
      "inputs": {
        "nixpkgs": "nixpkgs"
      },
      "locked": {
        "lastModified": 1637793790,
        "narHash": "sha256-oPXavjxETEWGXq8g7kQHyRLKUmLX2yPtGn+t3V0mrTY=",
        "owner": "ryantm",
        "repo": "agenix",
        "rev": "f85eea0e29fa9a8924571d0e398215e175f80d55",
        "type": "github"
      },
      "original": {
        "owner": "ryantm",
        "repo": "agenix",
        "type": "github"
      }
    },
    "nixpkgs": {
      "locked": {
        "lastModified": 1618628710,
        "narHash": "sha256-9xIoU+BrCpjs5nfWcd/GlU7XCVdnNKJPffoNTxgGfhs=",
        "path": "/nix/store/z1rf17q0fxj935cmplzys4gg6nxj1as0-source",
        "rev": "7919518f0235106d050c77837df5e338fb94de5d",
        "type": "path"
      },
      "original": {
        "id": "nixpkgs",
        "type": "indirect"
      }
    },
    "nixpkgs_2": {
      "locked": {
        "lastModified": 1638279546,
        "narHash": "sha256-1KCwN7twjp1dBdp0jPgVdYFztDkCR8+roo0B34J9oBY=",
        "owner": "NixOS",
        "repo": "nixpkgs",
        "rev": "96b4157790fc96e70d6e6c115e3f34bba7be490f",
        "type": "github"
      },
      "original": {
        "owner": "NixOS",
        "ref": "nixos-21.11",
        "repo": "nixpkgs",
        "type": "github"
      }
    },
    "root": {
      "inputs": {
        "agenix": "agenix",
        "nixpkgs": "nixpkgs_2"
      }
    }
  },
  "root": "root",
  "version": 7
}
